
Microsoft Visual Studio Solution File, Format Version 12.00
# Visual Studio Version 16
VisualStudioVersion = 16.0.32228.343
MinimumVisualStudioVersion = 10.0.40219.1
Project("{2150E333-8FDC-42A3-9474-1A3956D46DE8}") = "Chapter02", "Chapter02", "{38C285AD-F79E-46E6-96C4-717EB154F605}"
EndProject
Project("{FAE04EC0-301F-11D3-BF4B-00C04F79EFBC}") = "DistanceConverter", "Chapter02\DistanceConverter\DistanceConverter.csproj", "{BB07A069-42E0-433D-8B37-7DE4C487242B}"
EndProject
Project("{FAE04EC0-301F-11D3-BF4B-00C04F79EFBC}") = "SalesCalculator", "Chapter02\SalesCalculator\SalesCalculator.csproj", "{0563FFE5-FCED-4E72-B9A9-8754A0CC4872}"
EndProject
Project("{FAE04EC0-301F-11D3-BF4B-00C04F79EFBC}") = "Exercise", "Chapter02\Exercise\Exercise.csproj", "{E9934798-6E82-4097-B225-89A7CEA49F5B}"
EndProject
Project("{FAE04EC0-301F-11D3-BF4B-00C04F79EFBC}") = "Exercise02", "Chapter02\Exercise02\Exercise02.csproj", "{062CB6E9-6EA8-460C-8563-0060F4686908}"
EndProject
Project("{FAE04EC0-301F-11D3-BF4B-00C04F79EFBC}") = "Exercise03", "Chapter02\Exercise03\Exercise03.csproj", "{D7556EC8-6809-41F8-8B68-C87BE9792329}"
EndProject
Project("{2150E333-8FDC-42A3-9474-1A3956D46DE8}") = "Chapter03", "Chapter03", "{2356FB27-BEC4-40EF-957D-85D759052D20}"
EndProject
Project("{FAE04EC0-301F-11D3-BF4B-00C04F79EFBC}") = "Section01", "Chapter03\Section01\Section01.csproj", "{3C37F947-4E8F-416F-98AB-A8E80F02DC16}"
EndProject
Project("{FAE04EC0-301F-11D3-BF4B-00C04F79EFBC}") = "Exercise01", "Chapter03\Exercise01\Exercise01.csproj", "{CCB6E122-E1DD-4DFA-96B6-1612B987F9F2}"
EndProject
Project("{FAE04EC0-301F-11D3-BF4B-00C04F79EFBC}") = "Section04", "Chapter03\Section04\Section04.csproj", "{8EA35F40-8081-4718-B1FA-F4DC0DED4851}"
EndProject
Project("{FAE04EC0-301F-11D3-BF4B-00C04F79EFBC}") = "Exercise02", "Chapter03\Exercise02\Exercise02.csproj", "{CFFD51FB-63F1-4505-AAC6-59FE65E3EFF8}"
EndProject
Project("{2150E333-8FDC-42A3-9474-1A3956D46DE8}") = "Chapter04", "Chapter04", "{06A6B36F-A801-4693-BAC0-6C16F1E883D6}"
EndProject
Project("{FAE04EC0-301F-11D3-BF4B-00C04F79EFBC}") = "Exercise01", "Chapter04\Exercise01\Exercise01.csproj", "{338E44A7-4083-43F0-859E-F28C72689503}"
EndProject
Global
	GlobalSection(SolutionConfigurationPlatforms) = preSolution
		Debug|Any CPU = Debug|Any CPU
		Release|Any CPU = Release|Any CPU
	EndGlobalSection
	GlobalSection(ProjectConfigurationPlatforms) = postSolution
		{BB07A069-42E0-433D-8B37-7DE4C487242B}.Debug|Any CPU.ActiveCfg = Debug|Any CPU
		{BB07A069-42E0-433D-8B37-7DE4C487242B}.Debug|Any CPU.Build.0 = Debug|Any CPU
		{BB07A069-42E0-433D-8B37-7DE4C487242B}.Release|Any CPU.ActiveCfg = Release|Any CPU
		{BB07A069-42E0-433D-8B37-7DE4C487242B}.Release|Any CPU.Build.0 = Release|Any CPU
		{0563FFE5-FCED-4E72-B9A9-8754A0CC4872}.Debug|Any CPU.ActiveCfg = Debug|Any CPU
		{0563FFE5-FCED-4E72-B9A9-8754A0CC4872}.Debug|Any CPU.Build.0 = Debug|Any CPU
		{0563FFE5-FCED-4E72-B9A9-8754A0CC4872}.Release|Any CPU.ActiveCfg = Release|Any CPU
		{0563FFE5-FCED-4E72-B9A9-8754A0CC4872}.Release|Any CPU.Build.0 = Release|Any CPU
		{E9934798-6E82-4097-B225-89A7CEA49F5B}.Debug|Any CPU.ActiveCfg = Debug|Any CPU
		{E9934798-6E82-4097-B225-89A7CEA49F5B}.Debug|Any CPU.Build.0 = Debug|Any CPU
		{E9934798-6E82-4097-B225-89A7CEA49F5B}.Release|Any CPU.ActiveCfg = Release|Any CPU
		{E9934798-6E82-4097-B225-89A7CEA49F5B}.Release|Any CPU.Build.0 = Release|Any CPU
		{062CB6E9-6EA8-460C-8563-0060F4686908}.Debug|Any CPU.ActiveCfg = Debug|Any CPU
		{062CB6E9-6EA8-460C-8563-0060F4686908}.Debug|Any CPU.Build.0 = Debug|Any CPU
		{062CB6E9-6EA8-460C-8563-0060F4686908}.Release|Any CPU.ActiveCfg = Release|Any CPU
		{062CB6E9-6EA8-460C-8563-0060F4686908}.Release|Any CPU.Build.0 = Release|Any CPU
		{D7556EC8-6809-41F8-8B68-C87BE9792329}.Debug|Any CPU.ActiveCfg = Debug|Any CPU
		{D7556EC8-6809-41F8-8B68-C87BE9792329}.Debug|Any CPU.Build.0 = Debug|Any CPU
		{D7556EC8-6809-41F8-8B68-C87BE9792329}.Release|Any CPU.ActiveCfg = Release|Any CPU
		{D7556EC8-6809-41F8-8B68-C87BE9792329}.Release|Any CPU.Build.0 = Release|Any CPU
		{3C37F947-4E8F-416F-98AB-A8E80F02DC16}.Debug|Any CPU.ActiveCfg = Debug|Any CPU
		{3C37F947-4E8F-416F-98AB-A8E80F02DC16}.Debug|Any CPU.Build.0 = Debug|Any CPU
		{3C37F947-4E8F-416F-98AB-A8E80F02DC16}.Release|Any CPU.ActiveCfg = Release|Any CPU
		{3C37F947-4E8F-416F-98AB-A8E80F02DC16}.Release|Any CPU.Build.0 = Release|Any CPU
		{CCB6E122-E1DD-4DFA-96B6-1612B987F9F2}.Debug|Any CPU.ActiveCfg = Debug|Any CPU
		{CCB6E122-E1DD-4DFA-96B6-1612B987F9F2}.Debug|Any CPU.Build.0 = Debug|Any CPU
		{CCB6E122-E1DD-4DFA-96B6-1612B987F9F2}.Release|Any CPU.ActiveCfg = Release|Any CPU
		{CCB6E122-E1DD-4DFA-96B6-1612B987F9F2}.Release|Any CPU.Build.0 = Release|Any CPU
		{8EA35F40-8081-4718-B1FA-F4DC0DED4851}.Debug|Any CPU.ActiveCfg = Debug|Any CPU
		{8EA35F40-8081-4718-B1FA-F4DC0DED4851}.Debug|Any CPU.Build.0 = Debug|Any CPU
		{8EA35F40-8081-4718-B1FA-F4DC0DED4851}.Release|Any CPU.ActiveCfg = Release|Any CPU
		{8EA35F40-8081-4718-B1FA-F4DC0DED4851}.Release|Any CPU.Build.0 = Release|Any CPU
		{CFFD51FB-63F1-4505-AAC6-59FE65E3EFF8}.Debug|Any CPU.ActiveCfg = Debug|Any CPU
		{CFFD51FB-63F1-4505-AAC6-59FE65E3EFF8}.Debug|Any CPU.Build.0 = Debug|Any CPU
		{CFFD51FB-63F1-4505-AAC6-59FE65E3EFF8}.Release|Any CPU.ActiveCfg = Release|Any CPU
		{CFFD51FB-63F1-4505-AAC6-59FE65E3EFF8}.Release|Any CPU.Build.0 = Release|Any CPU
		{338E44A7-4083-43F0-859E-F28C72689503}.Debug|Any CPU.ActiveCfg = Debug|Any CPU
		{338E44A7-4083-43F0-859E-F28C72689503}.Debug|Any CPU.Build.0 = Debug|Any CPU
		{338E44A7-4083-43F0-859E-F28C72689503}.Release|Any CPU.ActiveCfg = Release|Any CPU
		{338E44A7-4083-43F0-859E-F28C72689503}.Release|Any CPU.Build.0 = Release|Any CPU
	EndGlobalSection
	GlobalSection(SolutionProperties) = preSolution
		HideSolutionNode = FALSE
	EndGlobalSection
	GlobalSection(NestedProjects) = preSolution
		{BB07A069-42E0-433D-8B37-7DE4C487242B} = {38C285AD-F79E-46E6-96C4-717EB154F605}
		{0563FFE5-FCED-4E72-B9A9-8754A0CC4872} = {38C285AD-F79E-46E6-96C4-717EB154F605}
		{E9934798-6E82-4097-B225-89A7CEA49F5B} = {38C285AD-F79E-46E6-96C4-717EB154F605}
		{062CB6E9-6EA8-460C-8563-0060F4686908} = {38C285AD-F79E-46E6-96C4-717EB154F605}
		{D7556EC8-6809-41F8-8B68-C87BE9792329} = {38C285AD-F79E-46E6-96C4-717EB154F605}
		{3C37F947-4E8F-416F-98AB-A8E80F02DC16} = {2356FB27-BEC4-40EF-957D-85D759052D20}
		{CCB6E122-E1DD-4DFA-96B6-1612B987F9F2} = {2356FB27-BEC4-40EF-957D-85D759052D20}
		{8EA35F40-8081-4718-B1FA-F4DC0DED4851} = {2356FB27-BEC4-40EF-957D-85D759052D20}
		{CFFD51FB-63F1-4505-AAC6-59FE65E3EFF8} = {2356FB27-BEC4-40EF-957D-85D759052D20}
		{338E44A7-4083-43F0-859E-F28C72689503} = {06A6B36F-A801-4693-BAC0-6C16F1E883D6}
	EndGlobalSection
	GlobalSection(ExtensibilityGlobals) = postSolution
		SolutionGuid = {24F9F879-10EB-4A93-93F9-058A7ED7C757}
	EndGlobalSection
EndGlobal
