
Microsoft Visual Studio Solution File, Format Version 12.00
# Visual Studio Version 16
VisualStudioVersion = 16.0.32228.343
MinimumVisualStudioVersion = 10.0.40219.1
Project("{2150E333-8FDC-42A3-9474-1A3956D46DE8}") = "Chapter02", "Chapter02", "{38C285AD-F79E-46E6-96C4-717EB154F605}"
EndProject
Project("{FAE04EC0-301F-11D3-BF4B-00C04F79EFBC}") = "DistanceConverter", "Chapter02\DistanceConverter\DistanceConverter.csproj", "{BB07A069-42E0-433D-8B37-7DE4C487242B}"
EndProject
Project("{FAE04EC0-301F-11D3-BF4B-00C04F79EFBC}") = "SalesCalculator", "Chapter02\SalesCalculator\SalesCalculator.csproj", "{0563FFE5-FCED-4E72-B9A9-8754A0CC4872}"
EndProject
Project("{FAE04EC0-301F-11D3-BF4B-00C04F79EFBC}") = "Exercise", "Chapter02\Exercise\Exercise.csproj", "{E9934798-6E82-4097-B225-89A7CEA49F5B}"
EndProject
Project("{FAE04EC0-301F-11D3-BF4B-00C04F79EFBC}") = "Exercise02", "Chapter02\Exercise02\Exercise02.csproj", "{062CB6E9-6EA8-460C-8563-0060F4686908}"
EndProject
Project("{FAE04EC0-301F-11D3-BF4B-00C04F79EFBC}") = "Exercise03", "Chapter02\Exercise03\Exercise03.csproj", "{D7556EC8-6809-41F8-8B68-C87BE9792329}"
EndProject
Project("{2150E333-8FDC-42A3-9474-1A3956D46DE8}") = "Chapter03", "Chapter03", "{2356FB27-BEC4-40EF-957D-85D759052D20}"
EndProject
Project("{FAE04EC0-301F-11D3-BF4B-00C04F79EFBC}") = "Section01", "Chapter03\Section01\Section01.csproj", "{3C37F947-4E8F-416F-98AB-A8E80F02DC16}"
EndProject
Project("{FAE04EC0-301F-11D3-BF4B-00C04F79EFBC}") = "Exercise01", "Chapter03\Exercise01\Exercise01.csproj", "{CCB6E122-E1DD-4DFA-96B6-1612B987F9F2}"
EndProject
Project("{FAE04EC0-301F-11D3-BF4B-00C04F79EFBC}") = "Section04", "Chapter03\Section04\Section04.csproj", "{8EA35F40-8081-4718-B1FA-F4DC0DED4851}"
EndProject
Project("{FAE04EC0-301F-11D3-BF4B-00C04F79EFBC}") = "Exercise02", "Chapter03\Exercise02\Exercise02.csproj", "{CFFD51FB-63F1-4505-AAC6-59FE65E3EFF8}"
EndProject
Project("{2150E333-8FDC-42A3-9474-1A3956D46DE8}") = "Chapter04", "Chapter04", "{06A6B36F-A801-4693-BAC0-6C16F1E883D6}"
EndProject
Project("{FAE04EC0-301F-11D3-BF4B-00C04F79EFBC}") = "Exercise01", "Chapter04\Exercise01\Exercise01.csproj", "{338E44A7-4083-43F0-859E-F28C72689503}"
EndProject
Project("{FAE04EC0-301F-11D3-BF4B-00C04F79EFBC}") = "Exercise02", "Chapter04\Exercise02\Exercise02.csproj", "{330577D6-0AA6-48D1-99B9-FF6A906DACB4}"
EndProject
Project("{2150E333-8FDC-42A3-9474-1A3956D46DE8}") = "Chapter05", "Chapter05", "{AC192C3A-2927-43B8-BD77-BCE3658CA007}"
EndProject
Project("{FAE04EC0-301F-11D3-BF4B-00C04F79EFBC}") = "Exercise01", "Chapter05\Exercise01\Exercise01.csproj", "{FFDE765F-2327-4859-9B10-512BBAE4D37D}"
EndProject
Project("{FAE04EC0-301F-11D3-BF4B-00C04F79EFBC}") = "Exercise03", "Chapter05\Exercise03\Exercise03.csproj", "{9EF6E1C9-F2B9-4E2F-B41E-9B0AFD23AB05}"
EndProject
Project("{FAE04EC0-301F-11D3-BF4B-00C04F79EFBC}") = "Exercise02", "Chapter05\Exercise02\Exercise02.csproj", "{7B098EDD-DCE2-4991-AA14-2299B186DDAF}"
EndProject
Project("{FAE04EC0-301F-11D3-BF4B-00C04F79EFBC}") = "Exercise04", "Chapter05\Exercise04\Exercise04.csproj", "{5EF7EC25-756D-4EE8-8406-3F734FE612A7}"
EndProject
Project("{2150E333-8FDC-42A3-9474-1A3956D46DE8}") = "Chapter06", "Chapter06", "{84D83C15-D755-415A-BE01-0F13953F3D29}"
EndProject
Project("{FAE04EC0-301F-11D3-BF4B-00C04F79EFBC}") = "Exercise01", "Chapter06\Exercise01\Exercise01.csproj", "{15D124C4-9A0A-41AA-9154-FA951135A362}"
EndProject
Project("{FAE04EC0-301F-11D3-BF4B-00C04F79EFBC}") = "Exercise02", "Chapter06\Exercise02\Exercise02.csproj", "{1606BA10-03F3-4234-85B5-25520137392E}"
EndProject
Project("{2150E333-8FDC-42A3-9474-1A3956D46DE8}") = "FormAppSample", "FormAppSample", "{46E1C8C5-A433-4A78-AF07-E86D6148899E}"
EndProject
Project("{FAE04EC0-301F-11D3-BF4B-00C04F79EFBC}") = "Sample0603", "FormAppSample\Sample0603\Sample0603.csproj", "{E455D933-5156-4B52-8A45-05A77B547E29}"
EndProject
Global
	GlobalSection(SolutionConfigurationPlatforms) = preSolution
		Debug|Any CPU = Debug|Any CPU
		Release|Any CPU = Release|Any CPU
	EndGlobalSection
	GlobalSection(ProjectConfigurationPlatforms) = postSolution
		{BB07A069-42E0-433D-8B37-7DE4C487242B}.Debug|Any CPU.ActiveCfg = Debug|Any CPU
		{BB07A069-42E0-433D-8B37-7DE4C487242B}.Debug|Any CPU.Build.0 = Debug|Any CPU
		{BB07A069-42E0-433D-8B37-7DE4C487242B}.Release|Any CPU.ActiveCfg = Release|Any CPU
		{BB07A069-42E0-433D-8B37-7DE4C487242B}.Release|Any CPU.Build.0 = Release|Any CPU
		{0563FFE5-FCED-4E72-B9A9-8754A0CC4872}.Debug|Any CPU.ActiveCfg = Debug|Any CPU
		{0563FFE5-FCED-4E72-B9A9-8754A0CC4872}.Debug|Any CPU.Build.0 = Debug|Any CPU
		{0563FFE5-FCED-4E72-B9A9-8754A0CC4872}.Release|Any CPU.ActiveCfg = Release|Any CPU
		{0563FFE5-FCED-4E72-B9A9-8754A0CC4872}.Release|Any CPU.Build.0 = Release|Any CPU
		{E9934798-6E82-4097-B225-89A7CEA49F5B}.Debug|Any CPU.ActiveCfg = Debug|Any CPU
		{E9934798-6E82-4097-B225-89A7CEA49F5B}.Debug|Any CPU.Build.0 = Debug|Any CPU
		{E9934798-6E82-4097-B225-89A7CEA49F5B}.Release|Any CPU.ActiveCfg = Release|Any CPU
		{E9934798-6E82-4097-B225-89A7CEA49F5B}.Release|Any CPU.Build.0 = Release|Any CPU
		{062CB6E9-6EA8-460C-8563-0060F4686908}.Debug|Any CPU.ActiveCfg = Debug|Any CPU
		{062CB6E9-6EA8-460C-8563-0060F4686908}.Debug|Any CPU.Build.0 = Debug|Any CPU
		{062CB6E9-6EA8-460C-8563-0060F4686908}.Release|Any CPU.ActiveCfg = Release|Any CPU
		{062CB6E9-6EA8-460C-8563-0060F4686908}.Release|Any CPU.Build.0 = Release|Any CPU
		{D7556EC8-6809-41F8-8B68-C87BE9792329}.Debug|Any CPU.ActiveCfg = Debug|Any CPU
		{D7556EC8-6809-41F8-8B68-C87BE9792329}.Debug|Any CPU.Build.0 = Debug|Any CPU
		{D7556EC8-6809-41F8-8B68-C87BE9792329}.Release|Any CPU.ActiveCfg = Release|Any CPU
		{D7556EC8-6809-41F8-8B68-C87BE9792329}.Release|Any CPU.Build.0 = Release|Any CPU
		{3C37F947-4E8F-416F-98AB-A8E80F02DC16}.Debug|Any CPU.ActiveCfg = Debug|Any CPU
		{3C37F947-4E8F-416F-98AB-A8E80F02DC16}.Debug|Any CPU.Build.0 = Debug|Any CPU
		{3C37F947-4E8F-416F-98AB-A8E80F02DC16}.Release|Any CPU.ActiveCfg = Release|Any CPU
		{3C37F947-4E8F-416F-98AB-A8E80F02DC16}.Release|Any CPU.Build.0 = Release|Any CPU
		{CCB6E122-E1DD-4DFA-96B6-1612B987F9F2}.Debug|Any CPU.ActiveCfg = Debug|Any CPU
		{CCB6E122-E1DD-4DFA-96B6-1612B987F9F2}.Debug|Any CPU.Build.0 = Debug|Any CPU
		{CCB6E122-E1DD-4DFA-96B6-1612B987F9F2}.Release|Any CPU.ActiveCfg = Release|Any CPU
		{CCB6E122-E1DD-4DFA-96B6-1612B987F9F2}.Release|Any CPU.Build.0 = Release|Any CPU
		{8EA35F40-8081-4718-B1FA-F4DC0DED4851}.Debug|Any CPU.ActiveCfg = Debug|Any CPU
		{8EA35F40-8081-4718-B1FA-F4DC0DED4851}.Debug|Any CPU.Build.0 = Debug|Any CPU
		{8EA35F40-8081-4718-B1FA-F4DC0DED4851}.Release|Any CPU.ActiveCfg = Release|Any CPU
		{8EA35F40-8081-4718-B1FA-F4DC0DED4851}.Release|Any CPU.Build.0 = Release|Any CPU
		{CFFD51FB-63F1-4505-AAC6-59FE65E3EFF8}.Debug|Any CPU.ActiveCfg = Debug|Any CPU
		{CFFD51FB-63F1-4505-AAC6-59FE65E3EFF8}.Debug|Any CPU.Build.0 = Debug|Any CPU
		{CFFD51FB-63F1-4505-AAC6-59FE65E3EFF8}.Release|Any CPU.ActiveCfg = Release|Any CPU
		{CFFD51FB-63F1-4505-AAC6-59FE65E3EFF8}.Release|Any CPU.Build.0 = Release|Any CPU
		{338E44A7-4083-43F0-859E-F28C72689503}.Debug|Any CPU.ActiveCfg = Debug|Any CPU
		{338E44A7-4083-43F0-859E-F28C72689503}.Debug|Any CPU.Build.0 = Debug|Any CPU
		{338E44A7-4083-43F0-859E-F28C72689503}.Release|Any CPU.ActiveCfg = Release|Any CPU
		{338E44A7-4083-43F0-859E-F28C72689503}.Release|Any CPU.Build.0 = Release|Any CPU
		{330577D6-0AA6-48D1-99B9-FF6A906DACB4}.Debug|Any CPU.ActiveCfg = Debug|Any CPU
		{330577D6-0AA6-48D1-99B9-FF6A906DACB4}.Debug|Any CPU.Build.0 = Debug|Any CPU
		{330577D6-0AA6-48D1-99B9-FF6A906DACB4}.Release|Any CPU.ActiveCfg = Release|Any CPU
		{330577D6-0AA6-48D1-99B9-FF6A906DACB4}.Release|Any CPU.Build.0 = Release|Any CPU
		{FFDE765F-2327-4859-9B10-512BBAE4D37D}.Debug|Any CPU.ActiveCfg = Debug|Any CPU
		{FFDE765F-2327-4859-9B10-512BBAE4D37D}.Debug|Any CPU.Build.0 = Debug|Any CPU
		{FFDE765F-2327-4859-9B10-512BBAE4D37D}.Release|Any CPU.ActiveCfg = Release|Any CPU
		{FFDE765F-2327-4859-9B10-512BBAE4D37D}.Release|Any CPU.Build.0 = Release|Any CPU
		{9EF6E1C9-F2B9-4E2F-B41E-9B0AFD23AB05}.Debug|Any CPU.ActiveCfg = Debug|Any CPU
		{9EF6E1C9-F2B9-4E2F-B41E-9B0AFD23AB05}.Debug|Any CPU.Build.0 = Debug|Any CPU
		{9EF6E1C9-F2B9-4E2F-B41E-9B0AFD23AB05}.Release|Any CPU.ActiveCfg = Release|Any CPU
		{9EF6E1C9-F2B9-4E2F-B41E-9B0AFD23AB05}.Release|Any CPU.Build.0 = Release|Any CPU
		{7B098EDD-DCE2-4991-AA14-2299B186DDAF}.Debug|Any CPU.ActiveCfg = Debug|Any CPU
		{7B098EDD-DCE2-4991-AA14-2299B186DDAF}.Debug|Any CPU.Build.0 = Debug|Any CPU
		{7B098EDD-DCE2-4991-AA14-2299B186DDAF}.Release|Any CPU.ActiveCfg = Release|Any CPU
		{7B098EDD-DCE2-4991-AA14-2299B186DDAF}.Release|Any CPU.Build.0 = Release|Any CPU
		{5EF7EC25-756D-4EE8-8406-3F734FE612A7}.Debug|Any CPU.ActiveCfg = Debug|Any CPU
		{5EF7EC25-756D-4EE8-8406-3F734FE612A7}.Debug|Any CPU.Build.0 = Debug|Any CPU
		{5EF7EC25-756D-4EE8-8406-3F734FE612A7}.Release|Any CPU.ActiveCfg = Release|Any CPU
		{5EF7EC25-756D-4EE8-8406-3F734FE612A7}.Release|Any CPU.Build.0 = Release|Any CPU
		{15D124C4-9A0A-41AA-9154-FA951135A362}.Debug|Any CPU.ActiveCfg = Debug|Any CPU
		{15D124C4-9A0A-41AA-9154-FA951135A362}.Debug|Any CPU.Build.0 = Debug|Any CPU
		{15D124C4-9A0A-41AA-9154-FA951135A362}.Release|Any CPU.ActiveCfg = Release|Any CPU
		{15D124C4-9A0A-41AA-9154-FA951135A362}.Release|Any CPU.Build.0 = Release|Any CPU
		{1606BA10-03F3-4234-85B5-25520137392E}.Debug|Any CPU.ActiveCfg = Debug|Any CPU
		{1606BA10-03F3-4234-85B5-25520137392E}.Debug|Any CPU.Build.0 = Debug|Any CPU
		{1606BA10-03F3-4234-85B5-25520137392E}.Release|Any CPU.ActiveCfg = Release|Any CPU
		{1606BA10-03F3-4234-85B5-25520137392E}.Release|Any CPU.Build.0 = Release|Any CPU
		{E455D933-5156-4B52-8A45-05A77B547E29}.Debug|Any CPU.ActiveCfg = Debug|Any CPU
		{E455D933-5156-4B52-8A45-05A77B547E29}.Debug|Any CPU.Build.0 = Debug|Any CPU
		{E455D933-5156-4B52-8A45-05A77B547E29}.Release|Any CPU.ActiveCfg = Release|Any CPU
		{E455D933-5156-4B52-8A45-05A77B547E29}.Release|Any CPU.Build.0 = Release|Any CPU
	EndGlobalSection
	GlobalSection(SolutionProperties) = preSolution
		HideSolutionNode = FALSE
	EndGlobalSection
	GlobalSection(NestedProjects) = preSolution
		{BB07A069-42E0-433D-8B37-7DE4C487242B} = {38C285AD-F79E-46E6-96C4-717EB154F605}
		{0563FFE5-FCED-4E72-B9A9-8754A0CC4872} = {38C285AD-F79E-46E6-96C4-717EB154F605}
		{E9934798-6E82-4097-B225-89A7CEA49F5B} = {38C285AD-F79E-46E6-96C4-717EB154F605}
		{062CB6E9-6EA8-460C-8563-0060F4686908} = {38C285AD-F79E-46E6-96C4-717EB154F605}
		{D7556EC8-6809-41F8-8B68-C87BE9792329} = {38C285AD-F79E-46E6-96C4-717EB154F605}
		{3C37F947-4E8F-416F-98AB-A8E80F02DC16} = {2356FB27-BEC4-40EF-957D-85D759052D20}
		{CCB6E122-E1DD-4DFA-96B6-1612B987F9F2} = {2356FB27-BEC4-40EF-957D-85D759052D20}
		{8EA35F40-8081-4718-B1FA-F4DC0DED4851} = {2356FB27-BEC4-40EF-957D-85D759052D20}
		{CFFD51FB-63F1-4505-AAC6-59FE65E3EFF8} = {2356FB27-BEC4-40EF-957D-85D759052D20}
		{338E44A7-4083-43F0-859E-F28C72689503} = {06A6B36F-A801-4693-BAC0-6C16F1E883D6}
		{330577D6-0AA6-48D1-99B9-FF6A906DACB4} = {06A6B36F-A801-4693-BAC0-6C16F1E883D6}
		{FFDE765F-2327-4859-9B10-512BBAE4D37D} = {AC192C3A-2927-43B8-BD77-BCE3658CA007}
		{9EF6E1C9-F2B9-4E2F-B41E-9B0AFD23AB05} = {AC192C3A-2927-43B8-BD77-BCE3658CA007}
		{7B098EDD-DCE2-4991-AA14-2299B186DDAF} = {AC192C3A-2927-43B8-BD77-BCE3658CA007}
		{5EF7EC25-756D-4EE8-8406-3F734FE612A7} = {AC192C3A-2927-43B8-BD77-BCE3658CA007}
		{15D124C4-9A0A-41AA-9154-FA951135A362} = {84D83C15-D755-415A-BE01-0F13953F3D29}
		{1606BA10-03F3-4234-85B5-25520137392E} = {84D83C15-D755-415A-BE01-0F13953F3D29}
		{E455D933-5156-4B52-8A45-05A77B547E29} = {46E1C8C5-A433-4A78-AF07-E86D6148899E}
	EndGlobalSection
	GlobalSection(ExtensibilityGlobals) = postSolution
		SolutionGuid = {24F9F879-10EB-4A93-93F9-058A7ED7C757}
	EndGlobalSection
EndGlobal
