
Microsoft Visual Studio Solution File, Format Version 12.00
# Visual Studio Version 16
VisualStudioVersion = 16.0.32228.343
MinimumVisualStudioVersion = 10.0.40219.1
Project("{2150E333-8FDC-42A3-9474-1A3956D46DE8}") = "Chapter02", "Chapter02", "{38C285AD-F79E-46E6-96C4-717EB154F605}"
EndProject
Project("{FAE04EC0-301F-11D3-BF4B-00C04F79EFBC}") = "DistanceConverter", "Chapter02\DistanceConverter\DistanceConverter.csproj", "{BB07A069-42E0-433D-8B37-7DE4C487242B}"
EndProject
Project("{FAE04EC0-301F-11D3-BF4B-00C04F79EFBC}") = "SalesCalculator", "Chapter02\SalesCalculator\SalesCalculator.csproj", "{0563FFE5-FCED-4E72-B9A9-8754A0CC4872}"
EndProject
Project("{FAE04EC0-301F-11D3-BF4B-00C04F79EFBC}") = "Exercise", "Chapter02\Exercise\Exercise.csproj", "{E9934798-6E82-4097-B225-89A7CEA49F5B}"
EndProject
Project("{FAE04EC0-301F-11D3-BF4B-00C04F79EFBC}") = "Exercise02", "Chapter02\Exercise02\Exercise02.csproj", "{062CB6E9-6EA8-460C-8563-0060F4686908}"
EndProject
Project("{FAE04EC0-301F-11D3-BF4B-00C04F79EFBC}") = "Exercise03", "Chapter02\Exercise03\Exercise03.csproj", "{D7556EC8-6809-41F8-8B68-C87BE9792329}"
EndProject
Global
	GlobalSection(SolutionConfigurationPlatforms) = preSolution
		Debug|Any CPU = Debug|Any CPU
		Release|Any CPU = Release|Any CPU
	EndGlobalSection
	GlobalSection(ProjectConfigurationPlatforms) = postSolution
		{BB07A069-42E0-433D-8B37-7DE4C487242B}.Debug|Any CPU.ActiveCfg = Debug|Any CPU
		{BB07A069-42E0-433D-8B37-7DE4C487242B}.Debug|Any CPU.Build.0 = Debug|Any CPU
		{BB07A069-42E0-433D-8B37-7DE4C487242B}.Release|Any CPU.ActiveCfg = Release|Any CPU
		{BB07A069-42E0-433D-8B37-7DE4C487242B}.Release|Any CPU.Build.0 = Release|Any CPU
		{0563FFE5-FCED-4E72-B9A9-8754A0CC4872}.Debug|Any CPU.ActiveCfg = Debug|Any CPU
		{0563FFE5-FCED-4E72-B9A9-8754A0CC4872}.Debug|Any CPU.Build.0 = Debug|Any CPU
		{0563FFE5-FCED-4E72-B9A9-8754A0CC4872}.Release|Any CPU.ActiveCfg = Release|Any CPU
		{0563FFE5-FCED-4E72-B9A9-8754A0CC4872}.Release|Any CPU.Build.0 = Release|Any CPU
		{E9934798-6E82-4097-B225-89A7CEA49F5B}.Debug|Any CPU.ActiveCfg = Debug|Any CPU
		{E9934798-6E82-4097-B225-89A7CEA49F5B}.Debug|Any CPU.Build.0 = Debug|Any CPU
		{E9934798-6E82-4097-B225-89A7CEA49F5B}.Release|Any CPU.ActiveCfg = Release|Any CPU
		{E9934798-6E82-4097-B225-89A7CEA49F5B}.Release|Any CPU.Build.0 = Release|Any CPU
		{062CB6E9-6EA8-460C-8563-0060F4686908}.Debug|Any CPU.ActiveCfg = Debug|Any CPU
		{062CB6E9-6EA8-460C-8563-0060F4686908}.Debug|Any CPU.Build.0 = Debug|Any CPU
		{062CB6E9-6EA8-460C-8563-0060F4686908}.Release|Any CPU.ActiveCfg = Release|Any CPU
		{062CB6E9-6EA8-460C-8563-0060F4686908}.Release|Any CPU.Build.0 = Release|Any CPU
		{D7556EC8-6809-41F8-8B68-C87BE9792329}.Debug|Any CPU.ActiveCfg = Debug|Any CPU
		{D7556EC8-6809-41F8-8B68-C87BE9792329}.Debug|Any CPU.Build.0 = Debug|Any CPU
		{D7556EC8-6809-41F8-8B68-C87BE9792329}.Release|Any CPU.ActiveCfg = Release|Any CPU
		{D7556EC8-6809-41F8-8B68-C87BE9792329}.Release|Any CPU.Build.0 = Release|Any CPU
	EndGlobalSection
	GlobalSection(SolutionProperties) = preSolution
		HideSolutionNode = FALSE
	EndGlobalSection
	GlobalSection(NestedProjects) = preSolution
		{BB07A069-42E0-433D-8B37-7DE4C487242B} = {38C285AD-F79E-46E6-96C4-717EB154F605}
		{0563FFE5-FCED-4E72-B9A9-8754A0CC4872} = {38C285AD-F79E-46E6-96C4-717EB154F605}
		{E9934798-6E82-4097-B225-89A7CEA49F5B} = {38C285AD-F79E-46E6-96C4-717EB154F605}
		{062CB6E9-6EA8-460C-8563-0060F4686908} = {38C285AD-F79E-46E6-96C4-717EB154F605}
		{D7556EC8-6809-41F8-8B68-C87BE9792329} = {38C285AD-F79E-46E6-96C4-717EB154F605}
	EndGlobalSection
	GlobalSection(ExtensibilityGlobals) = postSolution
		SolutionGuid = {24F9F879-10EB-4A93-93F9-058A7ED7C757}
	EndGlobalSection
EndGlobal
